
Microsoft Visual Studio Solution File, Format Version 12.00
# Visual Studio Version 16
VisualStudioVersion = 16.0.29709.97
MinimumVisualStudioVersion = 10.0.40219.1
Project("{FAE04EC0-301F-11D3-BF4B-00C04F79EFBC}") = "Bilan2016", "GenerateurBilan\Bilan2016.csproj", "{EBB51702-7B67-4BA2-A687-5621FE839FC7}"
EndProject
Global
	GlobalSection(SolutionConfigurationPlatforms) = preSolution
		Debug|Any CPU = Debug|Any CPU
		Release|Any CPU = Release|Any CPU
	EndGlobalSection
	GlobalSection(ProjectConfigurationPlatforms) = postSolution
		{EBB51702-7B67-4BA2-A687-5621FE839FC7}.Debug|Any CPU.ActiveCfg = Debug|Any CPU
		{EBB51702-7B67-4BA2-A687-5621FE839FC7}.Debug|Any CPU.Build.0 = Debug|Any CPU
		{EBB51702-7B67-4BA2-A687-5621FE839FC7}.Release|Any CPU.ActiveCfg = Release|Any CPU
		{EBB51702-7B67-4BA2-A687-5621FE839FC7}.Release|Any CPU.Build.0 = Release|Any CPU
	EndGlobalSection
	GlobalSection(SolutionProperties) = preSolution
		HideSolutionNode = FALSE
	EndGlobalSection
	GlobalSection(ExtensibilityGlobals) = postSolution
		SolutionGuid = {8BC7DEE4-8EA0-44FB-B5B5-75D48448D519}
	EndGlobalSection
EndGlobal
